// !$*UTF8*$!
{
	archiveVersion = 1;
	classes = {
	};
	objectVersion = 55;
	objects = {

/* Begin PBXBuildFile section */
		A50099A727D7228C00CB7B87 /* AppDelegate.swift in Sources */ = {isa = PBXBuildFile; fileRef = A50099A627D7228C00CB7B87 /* AppDelegate.swift */; };
		A50099A927D7228C00CB7B87 /* SceneDelegate.swift in Sources */ = {isa = PBXBuildFile; fileRef = A50099A827D7228C00CB7B87 /* SceneDelegate.swift */; };
		A50099B027D7228E00CB7B87 /* Assets.xcassets in Resources */ = {isa = PBXBuildFile; fileRef = A50099AF27D7228E00CB7B87 /* Assets.xcassets */; };
		A50099B327D7228E00CB7B87 /* LaunchScreen.storyboard in Resources */ = {isa = PBXBuildFile; fileRef = A50099B127D7228E00CB7B87 /* LaunchScreen.storyboard */; };
		A50099BD27D722CD00CB7B87 /* HomeViewController.swift in Sources */ = {isa = PBXBuildFile; fileRef = A50099BB27D722CD00CB7B87 /* HomeViewController.swift */; };
		A50099BE27D722CD00CB7B87 /* HomeViewController.xib in Resources */ = {isa = PBXBuildFile; fileRef = A50099BC27D722CD00CB7B87 /* HomeViewController.xib */; };
		A50099C627D722EB00CB7B87 /* HomeCoordinator.swift in Sources */ = {isa = PBXBuildFile; fileRef = A50099C527D722EB00CB7B87 /* HomeCoordinator.swift */; };
		A50099C827D7359B00CB7B87 /* Coordinator.framework in Frameworks */ = {isa = PBXBuildFile; fileRef = A50099C727D7359B00CB7B87 /* Coordinator.framework */; };
		A50099C927D7359B00CB7B87 /* Coordinator.framework in Embed Frameworks */ = {isa = PBXBuildFile; fileRef = A50099C727D7359B00CB7B87 /* Coordinator.framework */; settings = {ATTRIBUTES = (CodeSignOnCopy, RemoveHeadersOnCopy, ); }; };
		A50099CC27D736FC00CB7B87 /* HomeViewModel.swift in Sources */ = {isa = PBXBuildFile; fileRef = A50099CB27D736FC00CB7B87 /* HomeViewModel.swift */; };
		A50099CE27D7383000CB7B87 /* Networking in Frameworks */ = {isa = PBXBuildFile; productRef = A50099CD27D7383000CB7B87 /* Networking */; };
		A50099D227D7393800CB7B87 /* ListMovieTableViewCell.swift in Sources */ = {isa = PBXBuildFile; fileRef = A50099D027D7393800CB7B87 /* ListMovieTableViewCell.swift */; };
		A50099D327D7393800CB7B87 /* ListMovieTableViewCell.xib in Resources */ = {isa = PBXBuildFile; fileRef = A50099D127D7393800CB7B87 /* ListMovieTableViewCell.xib */; };
/* End PBXBuildFile section */

/* Begin PBXCopyFilesBuildPhase section */
		A50099CA27D7359B00CB7B87 /* Embed Frameworks */ = {
			isa = PBXCopyFilesBuildPhase;
			buildActionMask = 2147483647;
			dstPath = "";
			dstSubfolderSpec = 10;
			files = (
				A50099C927D7359B00CB7B87 /* Coordinator.framework in Embed Frameworks */,
			);
			name = "Embed Frameworks";
			runOnlyForDeploymentPostprocessing = 0;
		};
/* End PBXCopyFilesBuildPhase section */

/* Begin PBXFileReference section */
		A50099A327D7228C00CB7B87 /* HomeFeature.app */ = {isa = PBXFileReference; explicitFileType = wrapper.application; includeInIndex = 0; path = HomeFeature.app; sourceTree = BUILT_PRODUCTS_DIR; };
		A50099A627D7228C00CB7B87 /* AppDelegate.swift */ = {isa = PBXFileReference; lastKnownFileType = sourcecode.swift; path = AppDelegate.swift; sourceTree = "<group>"; };
		A50099A827D7228C00CB7B87 /* SceneDelegate.swift */ = {isa = PBXFileReference; lastKnownFileType = sourcecode.swift; path = SceneDelegate.swift; sourceTree = "<group>"; };
		A50099AF27D7228E00CB7B87 /* Assets.xcassets */ = {isa = PBXFileReference; lastKnownFileType = folder.assetcatalog; path = Assets.xcassets; sourceTree = "<group>"; };
		A50099B227D7228E00CB7B87 /* Base */ = {isa = PBXFileReference; lastKnownFileType = file.storyboard; name = Base; path = Base.lproj/LaunchScreen.storyboard; sourceTree = "<group>"; };
		A50099B427D7228E00CB7B87 /* Info.plist */ = {isa = PBXFileReference; lastKnownFileType = text.plist.xml; path = Info.plist; sourceTree = "<group>"; };
		A50099BB27D722CD00CB7B87 /* HomeViewController.swift */ = {isa = PBXFileReference; lastKnownFileType = sourcecode.swift; path = HomeViewController.swift; sourceTree = "<group>"; };
		A50099BC27D722CD00CB7B87 /* HomeViewController.xib */ = {isa = PBXFileReference; lastKnownFileType = file.xib; path = HomeViewController.xib; sourceTree = "<group>"; };
		A50099C027D722D800CB7B87 /* Coordinator.framework */ = {isa = PBXFileReference; explicitFileType = wrapper.framework; path = Coordinator.framework; sourceTree = BUILT_PRODUCTS_DIR; };
		A50099C527D722EB00CB7B87 /* HomeCoordinator.swift */ = {isa = PBXFileReference; lastKnownFileType = sourcecode.swift; path = HomeCoordinator.swift; sourceTree = "<group>"; };
		A50099C727D7359B00CB7B87 /* Coordinator.framework */ = {isa = PBXFileReference; explicitFileType = wrapper.framework; path = Coordinator.framework; sourceTree = BUILT_PRODUCTS_DIR; };
		A50099CB27D736FC00CB7B87 /* HomeViewModel.swift */ = {isa = PBXFileReference; lastKnownFileType = sourcecode.swift; path = HomeViewModel.swift; sourceTree = "<group>"; };
		A50099D027D7393800CB7B87 /* ListMovieTableViewCell.swift */ = {isa = PBXFileReference; lastKnownFileType = sourcecode.swift; path = ListMovieTableViewCell.swift; sourceTree = "<group>"; };
		A50099D127D7393800CB7B87 /* ListMovieTableViewCell.xib */ = {isa = PBXFileReference; lastKnownFileType = file.xib; path = ListMovieTableViewCell.xib; sourceTree = "<group>"; };
/* End PBXFileReference section */

/* Begin PBXFrameworksBuildPhase section */
		A50099A027D7228C00CB7B87 /* Frameworks */ = {
			isa = PBXFrameworksBuildPhase;
			buildActionMask = 2147483647;
			files = (
				A50099CE27D7383000CB7B87 /* Networking in Frameworks */,
				A50099C827D7359B00CB7B87 /* Coordinator.framework in Frameworks */,
			);
			runOnlyForDeploymentPostprocessing = 0;
		};
/* End PBXFrameworksBuildPhase section */

/* Begin PBXGroup section */
		A500999A27D7228C00CB7B87 = {
			isa = PBXGroup;
			children = (
				A50099A527D7228C00CB7B87 /* HomeFeature */,
				A50099A427D7228C00CB7B87 /* Products */,
				A50099BF27D722D800CB7B87 /* Frameworks */,
			);
			sourceTree = "<group>";
		};
		A50099A427D7228C00CB7B87 /* Products */ = {
			isa = PBXGroup;
			children = (
				A50099A327D7228C00CB7B87 /* HomeFeature.app */,
			);
			name = Products;
			sourceTree = "<group>";
		};
		A50099A527D7228C00CB7B87 /* HomeFeature */ = {
			isa = PBXGroup;
			children = (
				A50099BA27D722B500CB7B87 /* Feature */,
				A50099A627D7228C00CB7B87 /* AppDelegate.swift */,
				A50099A827D7228C00CB7B87 /* SceneDelegate.swift */,
				A50099AF27D7228E00CB7B87 /* Assets.xcassets */,
				A50099B127D7228E00CB7B87 /* LaunchScreen.storyboard */,
				A50099B427D7228E00CB7B87 /* Info.plist */,
			);
			path = HomeFeature;
			sourceTree = "<group>";
		};
		A50099BA27D722B500CB7B87 /* Feature */ = {
			isa = PBXGroup;
			children = (
				A50099CF27D7392A00CB7B87 /* Cell */,
				A50099C527D722EB00CB7B87 /* HomeCoordinator.swift */,
				A50099BB27D722CD00CB7B87 /* HomeViewController.swift */,
				A50099CB27D736FC00CB7B87 /* HomeViewModel.swift */,
				A50099BC27D722CD00CB7B87 /* HomeViewController.xib */,
			);
			path = Feature;
			sourceTree = "<group>";
		};
		A50099BF27D722D800CB7B87 /* Frameworks */ = {
			isa = PBXGroup;
			children = (
				A50099C727D7359B00CB7B87 /* Coordinator.framework */,
				A50099C027D722D800CB7B87 /* Coordinator.framework */,
			);
			name = Frameworks;
			sourceTree = "<group>";
		};
		A50099CF27D7392A00CB7B87 /* Cell */ = {
			isa = PBXGroup;
			children = (
				A50099D027D7393800CB7B87 /* ListMovieTableViewCell.swift */,
				A50099D127D7393800CB7B87 /* ListMovieTableViewCell.xib */,
			);
			path = Cell;
			sourceTree = "<group>";
		};
/* End PBXGroup section */

/* Begin PBXNativeTarget section */
		A50099A227D7228C00CB7B87 /* HomeFeature */ = {
			isa = PBXNativeTarget;
			buildConfigurationList = A50099B727D7228E00CB7B87 /* Build configuration list for PBXNativeTarget "HomeFeature" */;
			buildPhases = (
				A500999F27D7228C00CB7B87 /* Sources */,
				A50099A027D7228C00CB7B87 /* Frameworks */,
				A50099A127D7228C00CB7B87 /* Resources */,
				A50099CA27D7359B00CB7B87 /* Embed Frameworks */,
			);
			buildRules = (
			);
			dependencies = (
			);
			name = HomeFeature;
			packageProductDependencies = (
				A50099CD27D7383000CB7B87 /* Networking */,
			);
			productName = HomeFeature;
			productReference = A50099A327D7228C00CB7B87 /* HomeFeature.app */;
			productType = "com.apple.product-type.application";
		};
/* End PBXNativeTarget section */

/* Begin PBXProject section */
		A500999B27D7228C00CB7B87 /* Project object */ = {
			isa = PBXProject;
			attributes = {
				BuildIndependentTargetsInParallel = 1;
				LastSwiftUpdateCheck = 1320;
				LastUpgradeCheck = 1320;
				TargetAttributes = {
					A50099A227D7228C00CB7B87 = {
						CreatedOnToolsVersion = 13.2.1;
					};
				};
			};
			buildConfigurationList = A500999E27D7228C00CB7B87 /* Build configuration list for PBXProject "HomeFeature" */;
			compatibilityVersion = "Xcode 13.0";
			developmentRegion = en;
			hasScannedForEncodings = 0;
			knownRegions = (
				en,
				Base,
			);
			mainGroup = A500999A27D7228C00CB7B87;
			productRefGroup = A50099A427D7228C00CB7B87 /* Products */;
			projectDirPath = "";
			projectRoot = "";
			targets = (
				A50099A227D7228C00CB7B87 /* HomeFeature */,
			);
		};
/* End PBXProject section */

/* Begin PBXResourcesBuildPhase section */
		A50099A127D7228C00CB7B87 /* Resources */ = {
			isa = PBXResourcesBuildPhase;
			buildActionMask = 2147483647;
			files = (
				A50099B327D7228E00CB7B87 /* LaunchScreen.storyboard in Resources */,
				A50099B027D7228E00CB7B87 /* Assets.xcassets in Resources */,
				A50099D327D7393800CB7B87 /* ListMovieTableViewCell.xib in Resources */,
				A50099BE27D722CD00CB7B87 /* HomeViewController.xib in Resources */,
			);
			runOnlyForDeploymentPostprocessing = 0;
		};
/* End PBXResourcesBuildPhase section */

/* Begin PBXSourcesBuildPhase section */
		A500999F27D7228C00CB7B87 /* Sources */ = {
			isa = PBXSourcesBuildPhase;
			buildActionMask = 2147483647;
			files = (
				A50099D227D7393800CB7B87 /* ListMovieTableViewCell.swift in Sources */,
				A50099A727D7228C00CB7B87 /* AppDelegate.swift in Sources */,
				A50099C627D722EB00CB7B87 /* HomeCoordinator.swift in Sources */,
				A50099A927D7228C00CB7B87 /* SceneDelegate.swift in Sources */,
				A50099CC27D736FC00CB7B87 /* HomeViewModel.swift in Sources */,
				A50099BD27D722CD00CB7B87 /* HomeViewController.swift in Sources */,
			);
			runOnlyForDeploymentPostprocessing = 0;
		};
/* End PBXSourcesBuildPhase section */

/* Begin PBXVariantGroup section */
		A50099B127D7228E00CB7B87 /* LaunchScreen.storyboard */ = {
			isa = PBXVariantGroup;
			children = (
				A50099B227D7228E00CB7B87 /* Base */,
			);
			name = LaunchScreen.storyboard;
			sourceTree = "<group>";
		};
/* End PBXVariantGroup section */

/* Begin XCBuildConfiguration section */
		A50099B527D7228E00CB7B87 /* Debug */ = {
			isa = XCBuildConfiguration;
			buildSettings = {
				ALWAYS_SEARCH_USER_PATHS = NO;
				CLANG_ANALYZER_NONNULL = YES;
				CLANG_ANALYZER_NUMBER_OBJECT_CONVERSION = YES_AGGRESSIVE;
				CLANG_CXX_LANGUAGE_STANDARD = "gnu++17";
				CLANG_CXX_LIBRARY = "libc++";
				CLANG_ENABLE_MODULES = YES;
				CLANG_ENABLE_OBJC_ARC = YES;
				CLANG_ENABLE_OBJC_WEAK = YES;
				CLANG_WARN_BLOCK_CAPTURE_AUTORELEASING = YES;
				CLANG_WARN_BOOL_CONVERSION = YES;
				CLANG_WARN_COMMA = YES;
				CLANG_WARN_CONSTANT_CONVERSION = YES;
				CLANG_WARN_DEPRECATED_OBJC_IMPLEMENTATIONS = YES;
				CLANG_WARN_DIRECT_OBJC_ISA_USAGE = YES_ERROR;
				CLANG_WARN_DOCUMENTATION_COMMENTS = YES;
				CLANG_WARN_EMPTY_BODY = YES;
				CLANG_WARN_ENUM_CONVERSION = YES;
				CLANG_WARN_INFINITE_RECURSION = YES;
				CLANG_WARN_INT_CONVERSION = YES;
				CLANG_WARN_NON_LITERAL_NULL_CONVERSION = YES;
				CLANG_WARN_OBJC_IMPLICIT_RETAIN_SELF = YES;
				CLANG_WARN_OBJC_LITERAL_CONVERSION = YES;
				CLANG_WARN_OBJC_ROOT_CLASS = YES_ERROR;
				CLANG_WARN_QUOTED_INCLUDE_IN_FRAMEWORK_HEADER = YES;
				CLANG_WARN_RANGE_LOOP_ANALYSIS = YES;
				CLANG_WARN_STRICT_PROTOTYPES = YES;
				CLANG_WARN_SUSPICIOUS_MOVE = YES;
				CLANG_WARN_UNGUARDED_AVAILABILITY = YES_AGGRESSIVE;
				CLANG_WARN_UNREACHABLE_CODE = YES;
				CLANG_WARN__DUPLICATE_METHOD_MATCH = YES;
				COPY_PHASE_STRIP = NO;
				DEBUG_INFORMATION_FORMAT = dwarf;
				ENABLE_STRICT_OBJC_MSGSEND = YES;
				ENABLE_TESTABILITY = YES;
				GCC_C_LANGUAGE_STANDARD = gnu11;
				GCC_DYNAMIC_NO_PIC = NO;
				GCC_NO_COMMON_BLOCKS = YES;
				GCC_OPTIMIZATION_LEVEL = 0;
				GCC_PREPROCESSOR_DEFINITIONS = (
					"DEBUG=1",
					"$(inherited)",
				);
				GCC_WARN_64_TO_32_BIT_CONVERSION = YES;
				GCC_WARN_ABOUT_RETURN_TYPE = YES_ERROR;
				GCC_WARN_UNDECLARED_SELECTOR = YES;
				GCC_WARN_UNINITIALIZED_AUTOS = YES_AGGRESSIVE;
				GCC_WARN_UNUSED_FUNCTION = YES;
				GCC_WARN_UNUSED_VARIABLE = YES;
				IPHONEOS_DEPLOYMENT_TARGET = 15.2;
				MTL_ENABLE_DEBUG_INFO = INCLUDE_SOURCE;
				MTL_FAST_MATH = YES;
				ONLY_ACTIVE_ARCH = YES;
				SDKROOT = iphoneos;
				SWIFT_ACTIVE_COMPILATION_CONDITIONS = DEBUG;
				SWIFT_OPTIMIZATION_LEVEL = "-Onone";
			};
			name = Debug;
		};
		A50099B627D7228E00CB7B87 /* Release */ = {
			isa = XCBuildConfiguration;
			buildSettings = {
				ALWAYS_SEARCH_USER_PATHS = NO;
				CLANG_ANALYZER_NONNULL = YES;
				CLANG_ANALYZER_NUMBER_OBJECT_CONVERSION = YES_AGGRESSIVE;
				CLANG_CXX_LANGUAGE_STANDARD = "gnu++17";
				CLANG_CXX_LIBRARY = "libc++";
				CLANG_ENABLE_MODULES = YES;
				CLANG_ENABLE_OBJC_ARC = YES;
				CLANG_ENABLE_OBJC_WEAK = YES;
				CLANG_WARN_BLOCK_CAPTURE_AUTORELEASING = YES;
				CLANG_WARN_BOOL_CONVERSION = YES;
				CLANG_WARN_COMMA = YES;
				CLANG_WARN_CONSTANT_CONVERSION = YES;
				CLANG_WARN_DEPRECATED_OBJC_IMPLEMENTATIONS = YES;
				CLANG_WARN_DIRECT_OBJC_ISA_USAGE = YES_ERROR;
				CLANG_WARN_DOCUMENTATION_COMMENTS = YES;
				CLANG_WARN_EMPTY_BODY = YES;
				CLANG_WARN_ENUM_CONVERSION = YES;
				CLANG_WARN_INFINITE_RECURSION = YES;
				CLANG_WARN_INT_CONVERSION = YES;
				CLANG_WARN_NON_LITERAL_NULL_CONVERSION = YES;
				CLANG_WARN_OBJC_IMPLICIT_RETAIN_SELF = YES;
				CLANG_WARN_OBJC_LITERAL_CONVERSION = YES;
				CLANG_WARN_OBJC_ROOT_CLASS = YES_ERROR;
				CLANG_WARN_QUOTED_INCLUDE_IN_FRAMEWORK_HEADER = YES;
				CLANG_WARN_RANGE_LOOP_ANALYSIS = YES;
				CLANG_WARN_STRICT_PROTOTYPES = YES;
				CLANG_WARN_SUSPICIOUS_MOVE = YES;
				CLANG_WARN_UNGUARDED_AVAILABILITY = YES_AGGRESSIVE;
				CLANG_WARN_UNREACHABLE_CODE = YES;
				CLANG_WARN__DUPLICATE_METHOD_MATCH = YES;
				COPY_PHASE_STRIP = NO;
				DEBUG_INFORMATION_FORMAT = "dwarf-with-dsym";
				ENABLE_NS_ASSERTIONS = NO;
				ENABLE_STRICT_OBJC_MSGSEND = YES;
				GCC_C_LANGUAGE_STANDARD = gnu11;
				GCC_NO_COMMON_BLOCKS = YES;
				GCC_WARN_64_TO_32_BIT_CONVERSION = YES;
				GCC_WARN_ABOUT_RETURN_TYPE = YES_ERROR;
				GCC_WARN_UNDECLARED_SELECTOR = YES;
				GCC_WARN_UNINITIALIZED_AUTOS = YES_AGGRESSIVE;
				GCC_WARN_UNUSED_FUNCTION = YES;
				GCC_WARN_UNUSED_VARIABLE = YES;
				IPHONEOS_DEPLOYMENT_TARGET = 15.2;
				MTL_ENABLE_DEBUG_INFO = NO;
				MTL_FAST_MATH = YES;
				SDKROOT = iphoneos;
				SWIFT_COMPILATION_MODE = wholemodule;
				SWIFT_OPTIMIZATION_LEVEL = "-O";
				VALIDATE_PRODUCT = YES;
			};
			name = Release;
		};
		A50099B827D7228E00CB7B87 /* Debug */ = {
			isa = XCBuildConfiguration;
			buildSettings = {
				ASSETCATALOG_COMPILER_APPICON_NAME = AppIcon;
				ASSETCATALOG_COMPILER_GLOBAL_ACCENT_COLOR_NAME = AccentColor;
				CODE_SIGN_STYLE = Automatic;
				CURRENT_PROJECT_VERSION = 1;
				DEVELOPMENT_TEAM = W5M52Z7FB9;
				GENERATE_INFOPLIST_FILE = YES;
				INFOPLIST_FILE = HomeFeature/Info.plist;
				INFOPLIST_KEY_UIApplicationSupportsIndirectInputEvents = YES;
				INFOPLIST_KEY_UILaunchStoryboardName = LaunchScreen;
				INFOPLIST_KEY_UISupportedInterfaceOrientations_iPad = "UIInterfaceOrientationPortrait UIInterfaceOrientationPortraitUpsideDown UIInterfaceOrientationLandscapeLeft UIInterfaceOrientationLandscapeRight";
				INFOPLIST_KEY_UISupportedInterfaceOrientations_iPhone = "UIInterfaceOrientationPortrait UIInterfaceOrientationLandscapeLeft UIInterfaceOrientationLandscapeRight";
				IPHONEOS_DEPLOYMENT_TARGET = 15.0;
				LD_RUNPATH_SEARCH_PATHS = (
					"$(inherited)",
					"@executable_path/Frameworks",
				);
				MARKETING_VERSION = 1.0;
				PRODUCT_BUNDLE_IDENTIFIER = com.ahmad.HomeFeature;
				PRODUCT_NAME = "$(TARGET_NAME)";
				SWIFT_EMIT_LOC_STRINGS = YES;
				SWIFT_VERSION = 5.0;
				TARGETED_DEVICE_FAMILY = "1,2";
			};
			name = Debug;
		};
		A50099B927D7228E00CB7B87 /* Release */ = {
			isa = XCBuildConfiguration;
			buildSettings = {
				ASSETCATALOG_COMPILER_APPICON_NAME = AppIcon;
				ASSETCATALOG_COMPILER_GLOBAL_ACCENT_COLOR_NAME = AccentColor;
				CODE_SIGN_STYLE = Automatic;
				CURRENT_PROJECT_VERSION = 1;
				DEVELOPMENT_TEAM = W5M52Z7FB9;
				GENERATE_INFOPLIST_FILE = YES;
				INFOPLIST_FILE = HomeFeature/Info.plist;
				INFOPLIST_KEY_UIApplicationSupportsIndirectInputEvents = YES;
				INFOPLIST_KEY_UILaunchStoryboardName = LaunchScreen;
				INFOPLIST_KEY_UISupportedInterfaceOrientations_iPad = "UIInterfaceOrientationPortrait UIInterfaceOrientationPortraitUpsideDown UIInterfaceOrientationLandscapeLeft UIInterfaceOrientationLandscapeRight";
				INFOPLIST_KEY_UISupportedInterfaceOrientations_iPhone = "UIInterfaceOrientationPortrait UIInterfaceOrientationLandscapeLeft UIInterfaceOrientationLandscapeRight";
				IPHONEOS_DEPLOYMENT_TARGET = 15.0;
				LD_RUNPATH_SEARCH_PATHS = (
					"$(inherited)",
					"@executable_path/Frameworks",
				);
				MARKETING_VERSION = 1.0;
				PRODUCT_BUNDLE_IDENTIFIER = com.ahmad.HomeFeature;
				PRODUCT_NAME = "$(TARGET_NAME)";
				SWIFT_EMIT_LOC_STRINGS = YES;
				SWIFT_VERSION = 5.0;
				TARGETED_DEVICE_FAMILY = "1,2";
			};
			name = Release;
		};
/* End XCBuildConfiguration section */

/* Begin XCConfigurationList section */
		A500999E27D7228C00CB7B87 /* Build configuration list for PBXProject "HomeFeature" */ = {
			isa = XCConfigurationList;
			buildConfigurations = (
				A50099B527D7228E00CB7B87 /* Debug */,
				A50099B627D7228E00CB7B87 /* Release */,
			);
			defaultConfigurationIsVisible = 0;
			defaultConfigurationName = Release;
		};
		A50099B727D7228E00CB7B87 /* Build configuration list for PBXNativeTarget "HomeFeature" */ = {
			isa = XCConfigurationList;
			buildConfigurations = (
				A50099B827D7228E00CB7B87 /* Debug */,
				A50099B927D7228E00CB7B87 /* Release */,
			);
			defaultConfigurationIsVisible = 0;
			defaultConfigurationName = Release;
		};
/* End XCConfigurationList section */

/* Begin XCSwiftPackageProductDependency section */
		A50099CD27D7383000CB7B87 /* Networking */ = {
			isa = XCSwiftPackageProductDependency;
			productName = Networking;
		};
/* End XCSwiftPackageProductDependency section */
	};
	rootObject = A500999B27D7228C00CB7B87 /* Project object */;
}
