// !$*UTF8*$!
{
	archiveVersion = 1;
	classes = {
	};
	objectVersion = 55;
	objects = {

/* Begin PBXBuildFile section */
		67DC227E27D5A4A3001F72BA /* AppDelegate.swift in Sources */ = {isa = PBXBuildFile; fileRef = 67DC227D27D5A4A3001F72BA /* AppDelegate.swift */; };
		67DC228027D5A4A3001F72BA /* SceneDelegate.swift in Sources */ = {isa = PBXBuildFile; fileRef = 67DC227F27D5A4A3001F72BA /* SceneDelegate.swift */; };
		67DC228727D5A4A5001F72BA /* Assets.xcassets in Resources */ = {isa = PBXBuildFile; fileRef = 67DC228627D5A4A5001F72BA /* Assets.xcassets */; };
		67DC228A27D5A4A5001F72BA /* LaunchScreen.storyboard in Resources */ = {isa = PBXBuildFile; fileRef = 67DC228827D5A4A5001F72BA /* LaunchScreen.storyboard */; };
		A50099D527D73B5B00CB7B87 /* HomeFeature.app in Resources */ = {isa = PBXBuildFile; fileRef = A50099D427D73B5B00CB7B87 /* HomeFeature.app */; };
		A50099D727D73B6000CB7B87 /* HomeFeature.app in Resources */ = {isa = PBXBuildFile; fileRef = A50099D627D73B6000CB7B87 /* HomeFeature.app */; };
		A50099D927D73B9B00CB7B87 /* HomeFeature.app in Resources */ = {isa = PBXBuildFile; fileRef = A50099D827D73B9B00CB7B87 /* HomeFeature.app */; };
/* End PBXBuildFile section */

/* Begin PBXFileReference section */
		67DC227A27D5A4A3001F72BA /* MainApp.app */ = {isa = PBXFileReference; explicitFileType = wrapper.application; includeInIndex = 0; path = MainApp.app; sourceTree = BUILT_PRODUCTS_DIR; };
		67DC227D27D5A4A3001F72BA /* AppDelegate.swift */ = {isa = PBXFileReference; lastKnownFileType = sourcecode.swift; path = AppDelegate.swift; sourceTree = "<group>"; };
		67DC227F27D5A4A3001F72BA /* SceneDelegate.swift */ = {isa = PBXFileReference; lastKnownFileType = sourcecode.swift; path = SceneDelegate.swift; sourceTree = "<group>"; };
		67DC228627D5A4A5001F72BA /* Assets.xcassets */ = {isa = PBXFileReference; lastKnownFileType = folder.assetcatalog; path = Assets.xcassets; sourceTree = "<group>"; };
		67DC228927D5A4A5001F72BA /* Base */ = {isa = PBXFileReference; lastKnownFileType = file.storyboard; name = Base; path = Base.lproj/LaunchScreen.storyboard; sourceTree = "<group>"; };
		67DC228B27D5A4A5001F72BA /* Info.plist */ = {isa = PBXFileReference; lastKnownFileType = text.plist.xml; path = Info.plist; sourceTree = "<group>"; };
		67DC237927D5B996001F72BA /* HomeFeature.framework */ = {isa = PBXFileReference; explicitFileType = wrapper.framework; path = HomeFeature.framework; sourceTree = BUILT_PRODUCTS_DIR; };
		67DC23B027D5BBD4001F72BA /* Coordinator.framework */ = {isa = PBXFileReference; explicitFileType = wrapper.framework; path = Coordinator.framework; sourceTree = BUILT_PRODUCTS_DIR; };
		A50099D427D73B5B00CB7B87 /* HomeFeature.app */ = {isa = PBXFileReference; explicitFileType = wrapper.application; path = HomeFeature.app; sourceTree = BUILT_PRODUCTS_DIR; };
		A50099D627D73B6000CB7B87 /* HomeFeature.app */ = {isa = PBXFileReference; explicitFileType = wrapper.application; path = HomeFeature.app; sourceTree = BUILT_PRODUCTS_DIR; };
		A50099D827D73B9B00CB7B87 /* HomeFeature.app */ = {isa = PBXFileReference; explicitFileType = wrapper.application; path = HomeFeature.app; sourceTree = BUILT_PRODUCTS_DIR; };
/* End PBXFileReference section */

/* Begin PBXFrameworksBuildPhase section */
		67DC227727D5A4A3001F72BA /* Frameworks */ = {
			isa = PBXFrameworksBuildPhase;
			buildActionMask = 2147483647;
			files = (
			);
			runOnlyForDeploymentPostprocessing = 0;
		};
/* End PBXFrameworksBuildPhase section */

/* Begin PBXGroup section */
		67DC227127D5A4A3001F72BA = {
			isa = PBXGroup;
			children = (
				67DC227C27D5A4A3001F72BA /* MainApp */,
				67DC227B27D5A4A3001F72BA /* Products */,
				67DC22A527D5A5A6001F72BA /* Frameworks */,
			);
			sourceTree = "<group>";
		};
		67DC227B27D5A4A3001F72BA /* Products */ = {
			isa = PBXGroup;
			children = (
				67DC227A27D5A4A3001F72BA /* MainApp.app */,
			);
			name = Products;
			sourceTree = "<group>";
		};
		67DC227C27D5A4A3001F72BA /* MainApp */ = {
			isa = PBXGroup;
			children = (
				67DC227D27D5A4A3001F72BA /* AppDelegate.swift */,
				67DC227F27D5A4A3001F72BA /* SceneDelegate.swift */,
				67DC228627D5A4A5001F72BA /* Assets.xcassets */,
				67DC228827D5A4A5001F72BA /* LaunchScreen.storyboard */,
				67DC228B27D5A4A5001F72BA /* Info.plist */,
			);
			path = MainApp;
			sourceTree = "<group>";
		};
		67DC22A527D5A5A6001F72BA /* Frameworks */ = {
			isa = PBXGroup;
			children = (
				A50099D827D73B9B00CB7B87 /* HomeFeature.app */,
				A50099D627D73B6000CB7B87 /* HomeFeature.app */,
				A50099D427D73B5B00CB7B87 /* HomeFeature.app */,
				67DC23B027D5BBD4001F72BA /* Coordinator.framework */,
				67DC237927D5B996001F72BA /* HomeFeature.framework */,
			);
			name = Frameworks;
			sourceTree = "<group>";
		};
/* End PBXGroup section */

/* Begin PBXNativeTarget section */
		67DC227927D5A4A3001F72BA /* MainApp */ = {
			isa = PBXNativeTarget;
			buildConfigurationList = 67DC228E27D5A4A5001F72BA /* Build configuration list for PBXNativeTarget "MainApp" */;
			buildPhases = (
				67DC227627D5A4A3001F72BA /* Sources */,
				67DC227727D5A4A3001F72BA /* Frameworks */,
				67DC227827D5A4A3001F72BA /* Resources */,
			);
			buildRules = (
			);
			dependencies = (
			);
			name = MainApp;
			packageProductDependencies = (
			);
			productName = MainApp;
			productReference = 67DC227A27D5A4A3001F72BA /* MainApp.app */;
			productType = "com.apple.product-type.application";
		};
/* End PBXNativeTarget section */

/* Begin PBXProject section */
		67DC227227D5A4A3001F72BA /* Project object */ = {
			isa = PBXProject;
			attributes = {
				BuildIndependentTargetsInParallel = 1;
				LastSwiftUpdateCheck = 1310;
				LastUpgradeCheck = 1310;
				TargetAttributes = {
					67DC227927D5A4A3001F72BA = {
						CreatedOnToolsVersion = 13.1;
					};
				};
			};
			buildConfigurationList = 67DC227527D5A4A3001F72BA /* Build configuration list for PBXProject "MainApp" */;
			compatibilityVersion = "Xcode 13.0";
			developmentRegion = en;
			hasScannedForEncodings = 0;
			knownRegions = (
				en,
				Base,
			);
			mainGroup = 67DC227127D5A4A3001F72BA;
			productRefGroup = 67DC227B27D5A4A3001F72BA /* Products */;
			projectDirPath = "";
			projectRoot = "";
			targets = (
				67DC227927D5A4A3001F72BA /* MainApp */,
			);
		};
/* End PBXProject section */

/* Begin PBXResourcesBuildPhase section */
		67DC227827D5A4A3001F72BA /* Resources */ = {
			isa = PBXResourcesBuildPhase;
			buildActionMask = 2147483647;
			files = (
				A50099D527D73B5B00CB7B87 /* HomeFeature.app in Resources */,
				67DC228A27D5A4A5001F72BA /* LaunchScreen.storyboard in Resources */,
				67DC228727D5A4A5001F72BA /* Assets.xcassets in Resources */,
				A50099D927D73B9B00CB7B87 /* HomeFeature.app in Resources */,
				A50099D727D73B6000CB7B87 /* HomeFeature.app in Resources */,
			);
			runOnlyForDeploymentPostprocessing = 0;
		};
/* End PBXResourcesBuildPhase section */

/* Begin PBXSourcesBuildPhase section */
		67DC227627D5A4A3001F72BA /* Sources */ = {
			isa = PBXSourcesBuildPhase;
			buildActionMask = 2147483647;
			files = (
				67DC227E27D5A4A3001F72BA /* AppDelegate.swift in Sources */,
				67DC228027D5A4A3001F72BA /* SceneDelegate.swift in Sources */,
			);
			runOnlyForDeploymentPostprocessing = 0;
		};
/* End PBXSourcesBuildPhase section */

/* Begin PBXVariantGroup section */
		67DC228827D5A4A5001F72BA /* LaunchScreen.storyboard */ = {
			isa = PBXVariantGroup;
			children = (
				67DC228927D5A4A5001F72BA /* Base */,
			);
			name = LaunchScreen.storyboard;
			sourceTree = "<group>";
		};
/* End PBXVariantGroup section */

/* Begin XCBuildConfiguration section */
		67DC228C27D5A4A5001F72BA /* Debug */ = {
			isa = XCBuildConfiguration;
			buildSettings = {
				ALWAYS_SEARCH_USER_PATHS = NO;
				CLANG_ANALYZER_NONNULL = YES;
				CLANG_ANALYZER_NUMBER_OBJECT_CONVERSION = YES_AGGRESSIVE;
				CLANG_CXX_LANGUAGE_STANDARD = "gnu++17";
				CLANG_CXX_LIBRARY = "libc++";
				CLANG_ENABLE_MODULES = YES;
				CLANG_ENABLE_OBJC_ARC = YES;
				CLANG_ENABLE_OBJC_WEAK = YES;
				CLANG_WARN_BLOCK_CAPTURE_AUTORELEASING = YES;
				CLANG_WARN_BOOL_CONVERSION = YES;
				CLANG_WARN_COMMA = YES;
				CLANG_WARN_CONSTANT_CONVERSION = YES;
				CLANG_WARN_DEPRECATED_OBJC_IMPLEMENTATIONS = YES;
				CLANG_WARN_DIRECT_OBJC_ISA_USAGE = YES_ERROR;
				CLANG_WARN_DOCUMENTATION_COMMENTS = YES;
				CLANG_WARN_EMPTY_BODY = YES;
				CLANG_WARN_ENUM_CONVERSION = YES;
				CLANG_WARN_INFINITE_RECURSION = YES;
				CLANG_WARN_INT_CONVERSION = YES;
				CLANG_WARN_NON_LITERAL_NULL_CONVERSION = YES;
				CLANG_WARN_OBJC_IMPLICIT_RETAIN_SELF = YES;
				CLANG_WARN_OBJC_LITERAL_CONVERSION = YES;
				CLANG_WARN_OBJC_ROOT_CLASS = YES_ERROR;
				CLANG_WARN_QUOTED_INCLUDE_IN_FRAMEWORK_HEADER = YES;
				CLANG_WARN_RANGE_LOOP_ANALYSIS = YES;
				CLANG_WARN_STRICT_PROTOTYPES = YES;
				CLANG_WARN_SUSPICIOUS_MOVE = YES;
				CLANG_WARN_UNGUARDED_AVAILABILITY = YES_AGGRESSIVE;
				CLANG_WARN_UNREACHABLE_CODE = YES;
				CLANG_WARN__DUPLICATE_METHOD_MATCH = YES;
				COPY_PHASE_STRIP = NO;
				DEBUG_INFORMATION_FORMAT = dwarf;
				ENABLE_STRICT_OBJC_MSGSEND = YES;
				ENABLE_TESTABILITY = YES;
				GCC_C_LANGUAGE_STANDARD = gnu11;
				GCC_DYNAMIC_NO_PIC = NO;
				GCC_NO_COMMON_BLOCKS = YES;
				GCC_OPTIMIZATION_LEVEL = 0;
				GCC_PREPROCESSOR_DEFINITIONS = (
					"DEBUG=1",
					"$(inherited)",
				);
				GCC_WARN_64_TO_32_BIT_CONVERSION = YES;
				GCC_WARN_ABOUT_RETURN_TYPE = YES_ERROR;
				GCC_WARN_UNDECLARED_SELECTOR = YES;
				GCC_WARN_UNINITIALIZED_AUTOS = YES_AGGRESSIVE;
				GCC_WARN_UNUSED_FUNCTION = YES;
				GCC_WARN_UNUSED_VARIABLE = YES;
				IPHONEOS_DEPLOYMENT_TARGET = 15.0;
				MTL_ENABLE_DEBUG_INFO = INCLUDE_SOURCE;
				MTL_FAST_MATH = YES;
				ONLY_ACTIVE_ARCH = YES;
				SDKROOT = iphoneos;
				SWIFT_ACTIVE_COMPILATION_CONDITIONS = DEBUG;
				SWIFT_OPTIMIZATION_LEVEL = "-Onone";
			};
			name = Debug;
		};
		67DC228D27D5A4A5001F72BA /* Release */ = {
			isa = XCBuildConfiguration;
			buildSettings = {
				ALWAYS_SEARCH_USER_PATHS = NO;
				CLANG_ANALYZER_NONNULL = YES;
				CLANG_ANALYZER_NUMBER_OBJECT_CONVERSION = YES_AGGRESSIVE;
				CLANG_CXX_LANGUAGE_STANDARD = "gnu++17";
				CLANG_CXX_LIBRARY = "libc++";
				CLANG_ENABLE_MODULES = YES;
				CLANG_ENABLE_OBJC_ARC = YES;
				CLANG_ENABLE_OBJC_WEAK = YES;
				CLANG_WARN_BLOCK_CAPTURE_AUTORELEASING = YES;
				CLANG_WARN_BOOL_CONVERSION = YES;
				CLANG_WARN_COMMA = YES;
				CLANG_WARN_CONSTANT_CONVERSION = YES;
				CLANG_WARN_DEPRECATED_OBJC_IMPLEMENTATIONS = YES;
				CLANG_WARN_DIRECT_OBJC_ISA_USAGE = YES_ERROR;
				CLANG_WARN_DOCUMENTATION_COMMENTS = YES;
				CLANG_WARN_EMPTY_BODY = YES;
				CLANG_WARN_ENUM_CONVERSION = YES;
				CLANG_WARN_INFINITE_RECURSION = YES;
				CLANG_WARN_INT_CONVERSION = YES;
				CLANG_WARN_NON_LITERAL_NULL_CONVERSION = YES;
				CLANG_WARN_OBJC_IMPLICIT_RETAIN_SELF = YES;
				CLANG_WARN_OBJC_LITERAL_CONVERSION = YES;
				CLANG_WARN_OBJC_ROOT_CLASS = YES_ERROR;
				CLANG_WARN_QUOTED_INCLUDE_IN_FRAMEWORK_HEADER = YES;
				CLANG_WARN_RANGE_LOOP_ANALYSIS = YES;
				CLANG_WARN_STRICT_PROTOTYPES = YES;
				CLANG_WARN_SUSPICIOUS_MOVE = YES;
				CLANG_WARN_UNGUARDED_AVAILABILITY = YES_AGGRESSIVE;
				CLANG_WARN_UNREACHABLE_CODE = YES;
				CLANG_WARN__DUPLICATE_METHOD_MATCH = YES;
				COPY_PHASE_STRIP = NO;
				DEBUG_INFORMATION_FORMAT = "dwarf-with-dsym";
				ENABLE_NS_ASSERTIONS = NO;
				ENABLE_STRICT_OBJC_MSGSEND = YES;
				GCC_C_LANGUAGE_STANDARD = gnu11;
				GCC_NO_COMMON_BLOCKS = YES;
				GCC_WARN_64_TO_32_BIT_CONVERSION = YES;
				GCC_WARN_ABOUT_RETURN_TYPE = YES_ERROR;
				GCC_WARN_UNDECLARED_SELECTOR = YES;
				GCC_WARN_UNINITIALIZED_AUTOS = YES_AGGRESSIVE;
				GCC_WARN_UNUSED_FUNCTION = YES;
				GCC_WARN_UNUSED_VARIABLE = YES;
				IPHONEOS_DEPLOYMENT_TARGET = 15.0;
				MTL_ENABLE_DEBUG_INFO = NO;
				MTL_FAST_MATH = YES;
				SDKROOT = iphoneos;
				SWIFT_COMPILATION_MODE = wholemodule;
				SWIFT_OPTIMIZATION_LEVEL = "-O";
				VALIDATE_PRODUCT = YES;
			};
			name = Release;
		};
		67DC228F27D5A4A5001F72BA /* Debug */ = {
			isa = XCBuildConfiguration;
			buildSettings = {
				ASSETCATALOG_COMPILER_APPICON_NAME = AppIcon;
				ASSETCATALOG_COMPILER_GLOBAL_ACCENT_COLOR_NAME = AccentColor;
				CODE_SIGN_STYLE = Automatic;
				CURRENT_PROJECT_VERSION = 1;
				DEVELOPMENT_TEAM = 2CJ76CX6G2;
				GENERATE_INFOPLIST_FILE = YES;
				INFOPLIST_FILE = MainApp/Info.plist;
				INFOPLIST_KEY_UIApplicationSupportsIndirectInputEvents = YES;
				INFOPLIST_KEY_UILaunchStoryboardName = LaunchScreen;
				INFOPLIST_KEY_UISupportedInterfaceOrientations_iPad = "UIInterfaceOrientationPortrait UIInterfaceOrientationPortraitUpsideDown UIInterfaceOrientationLandscapeLeft UIInterfaceOrientationLandscapeRight";
				INFOPLIST_KEY_UISupportedInterfaceOrientations_iPhone = "UIInterfaceOrientationPortrait UIInterfaceOrientationLandscapeLeft UIInterfaceOrientationLandscapeRight";
				LD_RUNPATH_SEARCH_PATHS = (
					"$(inherited)",
					"@executable_path/Frameworks",
				);
				MARKETING_VERSION = 1.0;
				PRODUCT_BUNDLE_IDENTIFIER = com.ahmad.MainApp;
				PRODUCT_NAME = "$(TARGET_NAME)";
				SWIFT_EMIT_LOC_STRINGS = YES;
				SWIFT_VERSION = 5.0;
				TARGETED_DEVICE_FAMILY = "1,2";
			};
			name = Debug;
		};
		67DC229027D5A4A5001F72BA /* Release */ = {
			isa = XCBuildConfiguration;
			buildSettings = {
				ASSETCATALOG_COMPILER_APPICON_NAME = AppIcon;
				ASSETCATALOG_COMPILER_GLOBAL_ACCENT_COLOR_NAME = AccentColor;
				CODE_SIGN_STYLE = Automatic;
				CURRENT_PROJECT_VERSION = 1;
				DEVELOPMENT_TEAM = 2CJ76CX6G2;
				GENERATE_INFOPLIST_FILE = YES;
				INFOPLIST_FILE = MainApp/Info.plist;
				INFOPLIST_KEY_UIApplicationSupportsIndirectInputEvents = YES;
				INFOPLIST_KEY_UILaunchStoryboardName = LaunchScreen;
				INFOPLIST_KEY_UISupportedInterfaceOrientations_iPad = "UIInterfaceOrientationPortrait UIInterfaceOrientationPortraitUpsideDown UIInterfaceOrientationLandscapeLeft UIInterfaceOrientationLandscapeRight";
				INFOPLIST_KEY_UISupportedInterfaceOrientations_iPhone = "UIInterfaceOrientationPortrait UIInterfaceOrientationLandscapeLeft UIInterfaceOrientationLandscapeRight";
				LD_RUNPATH_SEARCH_PATHS = (
					"$(inherited)",
					"@executable_path/Frameworks",
				);
				MARKETING_VERSION = 1.0;
				PRODUCT_BUNDLE_IDENTIFIER = com.ahmad.MainApp;
				PRODUCT_NAME = "$(TARGET_NAME)";
				SWIFT_EMIT_LOC_STRINGS = YES;
				SWIFT_VERSION = 5.0;
				TARGETED_DEVICE_FAMILY = "1,2";
			};
			name = Release;
		};
/* End XCBuildConfiguration section */

/* Begin XCConfigurationList section */
		67DC227527D5A4A3001F72BA /* Build configuration list for PBXProject "MainApp" */ = {
			isa = XCConfigurationList;
			buildConfigurations = (
				67DC228C27D5A4A5001F72BA /* Debug */,
				67DC228D27D5A4A5001F72BA /* Release */,
			);
			defaultConfigurationIsVisible = 0;
			defaultConfigurationName = Release;
		};
		67DC228E27D5A4A5001F72BA /* Build configuration list for PBXNativeTarget "MainApp" */ = {
			isa = XCConfigurationList;
			buildConfigurations = (
				67DC228F27D5A4A5001F72BA /* Debug */,
				67DC229027D5A4A5001F72BA /* Release */,
			);
			defaultConfigurationIsVisible = 0;
			defaultConfigurationName = Release;
		};
/* End XCConfigurationList section */
	};
	rootObject = 67DC227227D5A4A3001F72BA /* Project object */;
}
